// !$*UTF8*$!
{
	archiveVersion = 1;
	classes = {
	};
	objectVersion = 77;
	objects = {

/* Begin PBXBuildFile section */
		AA01BB002F69AE0E0011B5E4 /* Citadel in Frameworks */ = {isa = PBXBuildFile; productRef = AA02BB002F69AE0E0011B5E4 /* Citadel */; };
		AA01BB012F69AE0E0011B5E4 /* NIOCore in Frameworks */ = {isa = PBXBuildFile; productRef = AA02BB012F69AE0E0011B5E4 /* NIOCore */; };
		CC01DD012F70000000C0FFEE /* MediaBackupUploader.appex in Embed ExtensionKit Extensions */ = {isa = PBXBuildFile; fileRef = CC01DD002F70000000C0FFEE /* MediaBackupUploader.appex */; settings = {ATTRIBUTES = (RemoveHeadersOnCopy, ); }; };
/* End PBXBuildFile section */

/* Begin PBXContainerItemProxy section */
		CC01DD032F70000000C0FFEE /* PBXContainerItemProxy */ = {
			isa = PBXContainerItemProxy;
			containerPortal = 9325ACA92F69AE0E0011B5E4 /* Project object */;
			proxyType = 1;
			remoteGlobalIDString = CC01DD082F70000000C0FFEE;
			remoteInfo = MediaBackupUploader;
		};
/* End PBXContainerItemProxy section */

/* Begin PBXCopyFilesBuildPhase section */
		CC01DD022F70000000C0FFEE /* Embed ExtensionKit Extensions */ = {
			isa = PBXCopyFilesBuildPhase;
			buildActionMask = 2147483647;
			dstPath = "$(EXTENSIONS_FOLDER_PATH)";
			dstSubfolderSpec = 16;
			files = (
				CC01DD012F70000000C0FFEE /* MediaBackupUploader.appex in Embed ExtensionKit Extensions */,
			);
			name = "Embed ExtensionKit Extensions";
			runOnlyForDeploymentPostprocessing = 0;
		};
/* End PBXCopyFilesBuildPhase section */

/* Begin PBXFileReference section */
		9325ACB12F69AE0E0011B5E4 /* MediaBackup.app */ = {isa = PBXFileReference; explicitFileType = wrapper.application; includeInIndex = 0; path = MediaBackup.app; sourceTree = BUILT_PRODUCTS_DIR; };
		CC01DD002F70000000C0FFEE /* MediaBackupUploader.appex */ = {isa = PBXFileReference; explicitFileType = "wrapper.extensionkit-extension"; includeInIndex = 0; path = MediaBackupUploader.appex; sourceTree = BUILT_PRODUCTS_DIR; };
/* End PBXFileReference section */

/* Begin PBXFileSystemSynchronizedBuildFileExceptionSet section */
		9325ACD82F69B1ED0011B5E4 /* Exceptions for "MediaBackup" folder in "MediaBackup" target */ = {
			isa = PBXFileSystemSynchronizedBuildFileExceptionSet;
			membershipExceptions = (
				Info.plist,
				MediaBackup.entitlements,
			);
			target = 9325ACB02F69AE0E0011B5E4 /* MediaBackup */;
		};
		CC01DD072F70000000C0FFEE /* Exceptions for "MediaBackup" folder in "MediaBackupUploader" target */ = {
			isa = PBXFileSystemSynchronizedBuildFileExceptionSet;
			membershipExceptions = (
				SharedConfig.swift,
			);
			target = CC01DD082F70000000C0FFEE /* MediaBackupUploader */;
		};
		CC01DD062F70000000C0FFEE /* Exceptions for "MediaBackupUploader" folder in "MediaBackupUploader" target */ = {
			isa = PBXFileSystemSynchronizedBuildFileExceptionSet;
			membershipExceptions = (
				Info.plist,
				MediaBackupUploader.entitlements,
			);
			target = CC01DD082F70000000C0FFEE /* MediaBackupUploader */;
		};
/* End PBXFileSystemSynchronizedBuildFileExceptionSet section */

/* Begin PBXFileSystemSynchronizedRootGroup section */
		9325ACB32F69AE0E0011B5E4 /* MediaBackup */ = {
			isa = PBXFileSystemSynchronizedRootGroup;
			exceptions = (
				9325ACD82F69B1ED0011B5E4 /* Exceptions for "MediaBackup" folder in "MediaBackup" target */,
				CC01DD072F70000000C0FFEE /* Exceptions for "MediaBackup" folder in "MediaBackupUploader" target */,
			);
			path = MediaBackup;
			sourceTree = "<group>";
		};
		CC01DD052F70000000C0FFEE /* MediaBackupUploader */ = {
			isa = PBXFileSystemSynchronizedRootGroup;
			exceptions = (
				CC01DD062F70000000C0FFEE /* Exceptions for "MediaBackupUploader" folder in "MediaBackupUploader" target */,
			);
			path = MediaBackupUploader;
			sourceTree = "<group>";
		};
/* End PBXFileSystemSynchronizedRootGroup section */

/* Begin PBXFrameworksBuildPhase section */
		9325ACAE2F69AE0E0011B5E4 /* Frameworks */ = {
			isa = PBXFrameworksBuildPhase;
			buildActionMask = 2147483647;
			files = (
				AA01BB002F69AE0E0011B5E4 /* Citadel in Frameworks */,
				AA01BB012F69AE0E0011B5E4 /* NIOCore in Frameworks */,
			);
			runOnlyForDeploymentPostprocessing = 0;
		};
		CC01DD0A2F70000000C0FFEE /* Frameworks */ = {
			isa = PBXFrameworksBuildPhase;
			buildActionMask = 2147483647;
			files = (
			);
			runOnlyForDeploymentPostprocessing = 0;
		};
/* End PBXFrameworksBuildPhase section */

/* Begin PBXGroup section */
		9325ACA82F69AE0E0011B5E4 = {
			isa = PBXGroup;
			children = (
				9325ACB32F69AE0E0011B5E4 /* MediaBackup */,
				CC01DD052F70000000C0FFEE /* MediaBackupUploader */,
				9325ACB22F69AE0E0011B5E4 /* Products */,
			);
			sourceTree = "<group>";
		};
		9325ACB22F69AE0E0011B5E4 /* Products */ = {
			isa = PBXGroup;
			children = (
				9325ACB12F69AE0E0011B5E4 /* MediaBackup.app */,
				CC01DD002F70000000C0FFEE /* MediaBackupUploader.appex */,
			);
			name = Products;
			sourceTree = "<group>";
		};
/* End PBXGroup section */

/* Begin PBXNativeTarget section */
		9325ACB02F69AE0E0011B5E4 /* MediaBackup */ = {
			isa = PBXNativeTarget;
			buildConfigurationList = 9325ACBC2F69AE0F0011B5E4 /* Build configuration list for PBXNativeTarget "MediaBackup" */;
			buildPhases = (
				9325ACAD2F69AE0E0011B5E4 /* Sources */,
				9325ACAE2F69AE0E0011B5E4 /* Frameworks */,
				9325ACAF2F69AE0E0011B5E4 /* Resources */,
				CC01DD022F70000000C0FFEE /* Embed ExtensionKit Extensions */,
			);
			buildRules = (
			);
			dependencies = (
				CC01DD042F70000000C0FFEE /* PBXTargetDependency */,
			);
			fileSystemSynchronizedGroups = (
				9325ACB32F69AE0E0011B5E4 /* MediaBackup */,
			);
			name = MediaBackup;
			packageProductDependencies = (
				AA02BB002F69AE0E0011B5E4 /* Citadel */,
				AA02BB012F69AE0E0011B5E4 /* NIOCore */,
			);
			productName = MediaBackup;
			productReference = 9325ACB12F69AE0E0011B5E4 /* MediaBackup.app */;
			productType = "com.apple.product-type.application";
		};
		CC01DD082F70000000C0FFEE /* MediaBackupUploader */ = {
			isa = PBXNativeTarget;
			buildConfigurationList = CC01DD0C2F70000000C0FFEE /* Build configuration list for PBXNativeTarget "MediaBackupUploader" */;
			buildPhases = (
				CC01DD092F70000000C0FFEE /* Sources */,
				CC01DD0A2F70000000C0FFEE /* Frameworks */,
				CC01DD0B2F70000000C0FFEE /* Resources */,
			);
			buildRules = (
			);
			dependencies = (
			);
			fileSystemSynchronizedGroups = (
				CC01DD052F70000000C0FFEE /* MediaBackupUploader */,
			);
			name = MediaBackupUploader;
			productName = MediaBackupUploader;
			productReference = CC01DD002F70000000C0FFEE /* MediaBackupUploader.appex */;
			productType = "com.apple.product-type.extensionkit-extension";
		};
/* End PBXNativeTarget section */

/* Begin PBXProject section */
		9325ACA92F69AE0E0011B5E4 /* Project object */ = {
			isa = PBXProject;
			attributes = {
				BuildIndependentTargetsInParallel = 1;
				LastSwiftUpdateCheck = 2630;
				LastUpgradeCheck = 2630;
				TargetAttributes = {
					9325ACB02F69AE0E0011B5E4 = {
						CreatedOnToolsVersion = 26.3;
					};
					CC01DD082F70000000C0FFEE = {
						CreatedOnToolsVersion = 27.0;
					};
				};
			};
			buildConfigurationList = 9325ACAC2F69AE0E0011B5E4 /* Build configuration list for PBXProject "MediaBackup" */;
			developmentRegion = en;
			hasScannedForEncodings = 0;
			knownRegions = (
				en,
				Base,
			);
			mainGroup = 9325ACA82F69AE0E0011B5E4;
			minimizedProjectReferenceProxies = 1;
			packageReferences = (
				AA03BB002F69AE0E0011B5E4 /* XCRemoteSwiftPackageReference "Citadel" */,
				AA03BB012F69AE0E0011B5E4 /* XCRemoteSwiftPackageReference "swift-nio" */,
			);
			preferredProjectObjectVersion = 77;
			productRefGroup = 9325ACB22F69AE0E0011B5E4 /* Products */;
			projectDirPath = "";
			projectRoot = "";
			targets = (
				9325ACB02F69AE0E0011B5E4 /* MediaBackup */,
				CC01DD082F70000000C0FFEE /* MediaBackupUploader */,
			);
		};
/* End PBXProject section */

/* Begin PBXResourcesBuildPhase section */
		9325ACAF2F69AE0E0011B5E4 /* Resources */ = {
			isa = PBXResourcesBuildPhase;
			buildActionMask = 2147483647;
			files = (
			);
			runOnlyForDeploymentPostprocessing = 0;
		};
		CC01DD0B2F70000000C0FFEE /* Resources */ = {
			isa = PBXResourcesBuildPhase;
			buildActionMask = 2147483647;
			files = (
			);
			runOnlyForDeploymentPostprocessing = 0;
		};
/* End PBXResourcesBuildPhase section */

/* Begin PBXSourcesBuildPhase section */
		9325ACAD2F69AE0E0011B5E4 /* Sources */ = {
			isa = PBXSourcesBuildPhase;
			buildActionMask = 2147483647;
			files = (
			);
			runOnlyForDeploymentPostprocessing = 0;
		};
		CC01DD092F70000000C0FFEE /* Sources */ = {
			isa = PBXSourcesBuildPhase;
			buildActionMask = 2147483647;
			files = (
			);
			runOnlyForDeploymentPostprocessing = 0;
		};
/* End PBXSourcesBuildPhase section */

/* Begin PBXTargetDependency section */
		CC01DD042F70000000C0FFEE /* PBXTargetDependency */ = {
			isa = PBXTargetDependency;
			target = CC01DD082F70000000C0FFEE /* MediaBackupUploader */;
			targetProxy = CC01DD032F70000000C0FFEE /* PBXContainerItemProxy */;
		};
/* End PBXTargetDependency section */

/* Begin XCBuildConfiguration section */
		9325ACBA2F69AE0F0011B5E4 /* Debug */ = {
			isa = XCBuildConfiguration;
			buildSettings = {
				ALWAYS_SEARCH_USER_PATHS = NO;
				ASSETCATALOG_COMPILER_GENERATE_SWIFT_ASSET_SYMBOL_EXTENSIONS = YES;
				BACKGROUND_UPLOAD_URL_BASE = "https://tank2.tail418e84.ts.net";
				CLANG_ANALYZER_NONNULL = YES;
				CLANG_ANALYZER_NUMBER_OBJECT_CONVERSION = YES_AGGRESSIVE;
				CLANG_CXX_LANGUAGE_STANDARD = "gnu++20";
				CLANG_ENABLE_MODULES = YES;
				CLANG_ENABLE_OBJC_ARC = YES;
				CLANG_ENABLE_OBJC_WEAK = YES;
				CLANG_WARN_BLOCK_CAPTURE_AUTORELEASING = YES;
				CLANG_WARN_BOOL_CONVERSION = YES;
				CLANG_WARN_COMMA = YES;
				CLANG_WARN_CONSTANT_CONVERSION = YES;
				CLANG_WARN_DEPRECATED_OBJC_IMPLEMENTATIONS = YES;
				CLANG_WARN_DIRECT_OBJC_ISA_USAGE = YES_ERROR;
				CLANG_WARN_DOCUMENTATION_COMMENTS = YES;
				CLANG_WARN_EMPTY_BODY = YES;
				CLANG_WARN_ENUM_CONVERSION = YES;
				CLANG_WARN_INFINITE_RECURSION = YES;
				CLANG_WARN_INT_CONVERSION = YES;
				CLANG_WARN_NON_LITERAL_NULL_CONVERSION = YES;
				CLANG_WARN_OBJC_IMPLICIT_RETAIN_SELF = YES;
				CLANG_WARN_OBJC_LITERAL_CONVERSION = YES;
				CLANG_WARN_OBJC_ROOT_CLASS = YES_ERROR;
				CLANG_WARN_QUOTED_INCLUDE_IN_FRAMEWORK_HEADER = YES;
				CLANG_WARN_RANGE_LOOP_ANALYSIS = YES;
				CLANG_WARN_STRICT_PROTOTYPES = YES;
				CLANG_WARN_SUSPICIOUS_MOVE = YES;
				CLANG_WARN_UNGUARDED_AVAILABILITY = YES_AGGRESSIVE;
				CLANG_WARN_UNREACHABLE_CODE = YES;
				CLANG_WARN__DUPLICATE_METHOD_MATCH = YES;
				COPY_PHASE_STRIP = NO;
				DEBUG_INFORMATION_FORMAT = dwarf;
				DEVELOPMENT_TEAM = 6V798W6LMZ;
				ENABLE_STRICT_OBJC_MSGSEND = YES;
				ENABLE_TESTABILITY = YES;
				ENABLE_USER_SCRIPT_SANDBOXING = YES;
				GCC_C_LANGUAGE_STANDARD = gnu17;
				GCC_DYNAMIC_NO_PIC = NO;
				GCC_NO_COMMON_BLOCKS = YES;
				GCC_OPTIMIZATION_LEVEL = 0;
				GCC_PREPROCESSOR_DEFINITIONS = (
					"DEBUG=1",
					"$(inherited)",
				);
				GCC_WARN_64_TO_32_BIT_CONVERSION = YES;
				GCC_WARN_ABOUT_RETURN_TYPE = YES_ERROR;
				GCC_WARN_UNDECLARED_SELECTOR = YES;
				GCC_WARN_UNINITIALIZED_AUTOS = YES_AGGRESSIVE;
				GCC_WARN_UNUSED_FUNCTION = YES;
				GCC_WARN_UNUSED_VARIABLE = YES;
				IPHONEOS_DEPLOYMENT_TARGET = 26.2;
				LOCALIZATION_PREFERS_STRING_CATALOGS = YES;
				MTL_ENABLE_DEBUG_INFO = INCLUDE_SOURCE;
				MTL_FAST_MATH = YES;
				ONLY_ACTIVE_ARCH = YES;
				SDKROOT = iphoneos;
				SWIFT_ACTIVE_COMPILATION_CONDITIONS = "DEBUG $(inherited)";
				SWIFT_OPTIMIZATION_LEVEL = "-Onone";
			};
			name = Debug;
		};
		9325ACBB2F69AE0F0011B5E4 /* Release */ = {
			isa = XCBuildConfiguration;
			buildSettings = {
				ALWAYS_SEARCH_USER_PATHS = NO;
				ASSETCATALOG_COMPILER_GENERATE_SWIFT_ASSET_SYMBOL_EXTENSIONS = YES;
				BACKGROUND_UPLOAD_URL_BASE = "https://tank2.tail418e84.ts.net";
				CLANG_ANALYZER_NONNULL = YES;
				CLANG_ANALYZER_NUMBER_OBJECT_CONVERSION = YES_AGGRESSIVE;
				CLANG_CXX_LANGUAGE_STANDARD = "gnu++20";
				CLANG_ENABLE_MODULES = YES;
				CLANG_ENABLE_OBJC_ARC = YES;
				CLANG_ENABLE_OBJC_WEAK = YES;
				CLANG_WARN_BLOCK_CAPTURE_AUTORELEASING = YES;
				CLANG_WARN_BOOL_CONVERSION = YES;
				CLANG_WARN_COMMA = YES;
				CLANG_WARN_CONSTANT_CONVERSION = YES;
				CLANG_WARN_DEPRECATED_OBJC_IMPLEMENTATIONS = YES;
				CLANG_WARN_DIRECT_OBJC_ISA_USAGE = YES_ERROR;
				CLANG_WARN_DOCUMENTATION_COMMENTS = YES;
				CLANG_WARN_EMPTY_BODY = YES;
				CLANG_WARN_ENUM_CONVERSION = YES;
				CLANG_WARN_INFINITE_RECURSION = YES;
				CLANG_WARN_INT_CONVERSION = YES;
				CLANG_WARN_NON_LITERAL_NULL_CONVERSION = YES;
				CLANG_WARN_OBJC_IMPLICIT_RETAIN_SELF = YES;
				CLANG_WARN_OBJC_LITERAL_CONVERSION = YES;
				CLANG_WARN_OBJC_ROOT_CLASS = YES_ERROR;
				CLANG_WARN_QUOTED_INCLUDE_IN_FRAMEWORK_HEADER = YES;
				CLANG_WARN_RANGE_LOOP_ANALYSIS = YES;
				CLANG_WARN_STRICT_PROTOTYPES = YES;
				CLANG_WARN_SUSPICIOUS_MOVE = YES;
				CLANG_WARN_UNGUARDED_AVAILABILITY = YES_AGGRESSIVE;
				CLANG_WARN_UNREACHABLE_CODE = YES;
				CLANG_WARN__DUPLICATE_METHOD_MATCH = YES;
				COPY_PHASE_STRIP = NO;
				DEBUG_INFORMATION_FORMAT = "dwarf-with-dsym";
				DEVELOPMENT_TEAM = 6V798W6LMZ;
				ENABLE_NS_ASSERTIONS = NO;
				ENABLE_STRICT_OBJC_MSGSEND = YES;
				ENABLE_USER_SCRIPT_SANDBOXING = YES;
				GCC_C_LANGUAGE_STANDARD = gnu17;
				GCC_NO_COMMON_BLOCKS = YES;
				GCC_WARN_64_TO_32_BIT_CONVERSION = YES;
				GCC_WARN_ABOUT_RETURN_TYPE = YES_ERROR;
				GCC_WARN_UNDECLARED_SELECTOR = YES;
				GCC_WARN_UNINITIALIZED_AUTOS = YES_AGGRESSIVE;
				GCC_WARN_UNUSED_FUNCTION = YES;
				GCC_WARN_UNUSED_VARIABLE = YES;
				IPHONEOS_DEPLOYMENT_TARGET = 26.2;
				LOCALIZATION_PREFERS_STRING_CATALOGS = YES;
				MTL_ENABLE_DEBUG_INFO = NO;
				MTL_FAST_MATH = YES;
				SDKROOT = iphoneos;
				SWIFT_COMPILATION_MODE = wholemodule;
				VALIDATE_PRODUCT = YES;
			};
			name = Release;
		};
		9325ACBD2F69AE0F0011B5E4 /* Debug */ = {
			isa = XCBuildConfiguration;
			buildSettings = {
				ASSETCATALOG_COMPILER_APPICON_NAME = AppIcon;
				ASSETCATALOG_COMPILER_GLOBAL_ACCENT_COLOR_NAME = AccentColor;
				CODE_SIGN_ENTITLEMENTS = MediaBackup/MediaBackup.entitlements;
				CODE_SIGN_STYLE = Automatic;
				CURRENT_PROJECT_VERSION = 1;
				DEVELOPMENT_TEAM = 6V798W6LMZ;
				ENABLE_PREVIEWS = YES;
				GENERATE_INFOPLIST_FILE = YES;
				INFOPLIST_FILE = MediaBackup/Info.plist;
				INFOPLIST_KEY_LSApplicationCategoryType = "";
				INFOPLIST_KEY_UIApplicationSceneManifest_Generation = YES;
				INFOPLIST_KEY_UIApplicationSupportsIndirectInputEvents = YES;
				INFOPLIST_KEY_UILaunchScreen_Generation = YES;
				INFOPLIST_KEY_UISupportedInterfaceOrientations_iPad = "UIInterfaceOrientationPortrait UIInterfaceOrientationPortraitUpsideDown UIInterfaceOrientationLandscapeLeft UIInterfaceOrientationLandscapeRight";
				INFOPLIST_KEY_UISupportedInterfaceOrientations_iPhone = "UIInterfaceOrientationPortrait UIInterfaceOrientationLandscapeLeft UIInterfaceOrientationLandscapeRight";
				LD_RUNPATH_SEARCH_PATHS = (
					"$(inherited)",
					"@executable_path/Frameworks",
				);
				MARKETING_VERSION = 1.0;
				PRODUCT_BUNDLE_IDENTIFIER = io.github.priestc.MediaBackup;
				PRODUCT_NAME = "$(TARGET_NAME)";
				STRING_CATALOG_GENERATE_SYMBOLS = YES;
				SWIFT_APPROACHABLE_CONCURRENCY = YES;
				SWIFT_DEFAULT_ACTOR_ISOLATION = MainActor;
				SWIFT_EMIT_LOC_STRINGS = YES;
				SWIFT_UPCOMING_FEATURE_MEMBER_IMPORT_VISIBILITY = YES;
				SWIFT_VERSION = 5.0;
				TARGETED_DEVICE_FAMILY = "1,2";
			};
			name = Debug;
		};
		9325ACBE2F69AE0F0011B5E4 /* Release */ = {
			isa = XCBuildConfiguration;
			buildSettings = {
				ASSETCATALOG_COMPILER_APPICON_NAME = AppIcon;
				ASSETCATALOG_COMPILER_GLOBAL_ACCENT_COLOR_NAME = AccentColor;
				CODE_SIGN_ENTITLEMENTS = MediaBackup/MediaBackup.entitlements;
				CODE_SIGN_STYLE = Automatic;
				CURRENT_PROJECT_VERSION = 1;
				DEVELOPMENT_TEAM = 6V798W6LMZ;
				ENABLE_PREVIEWS = YES;
				GENERATE_INFOPLIST_FILE = YES;
				INFOPLIST_FILE = MediaBackup/Info.plist;
				INFOPLIST_KEY_LSApplicationCategoryType = "";
				INFOPLIST_KEY_UIApplicationSceneManifest_Generation = YES;
				INFOPLIST_KEY_UIApplicationSupportsIndirectInputEvents = YES;
				INFOPLIST_KEY_UILaunchScreen_Generation = YES;
				INFOPLIST_KEY_UISupportedInterfaceOrientations_iPad = "UIInterfaceOrientationPortrait UIInterfaceOrientationPortraitUpsideDown UIInterfaceOrientationLandscapeLeft UIInterfaceOrientationLandscapeRight";
				INFOPLIST_KEY_UISupportedInterfaceOrientations_iPhone = "UIInterfaceOrientationPortrait UIInterfaceOrientationLandscapeLeft UIInterfaceOrientationLandscapeRight";
				LD_RUNPATH_SEARCH_PATHS = (
					"$(inherited)",
					"@executable_path/Frameworks",
				);
				MARKETING_VERSION = 1.0;
				PRODUCT_BUNDLE_IDENTIFIER = io.github.priestc.MediaBackup;
				PRODUCT_NAME = "$(TARGET_NAME)";
				STRING_CATALOG_GENERATE_SYMBOLS = YES;
				SWIFT_APPROACHABLE_CONCURRENCY = YES;
				SWIFT_DEFAULT_ACTOR_ISOLATION = MainActor;
				SWIFT_EMIT_LOC_STRINGS = YES;
				SWIFT_UPCOMING_FEATURE_MEMBER_IMPORT_VISIBILITY = YES;
				SWIFT_VERSION = 5.0;
				TARGETED_DEVICE_FAMILY = "1,2";
			};
			name = Release;
		};
		CC01DD0D2F70000000C0FFEE /* Debug */ = {
			isa = XCBuildConfiguration;
			buildSettings = {
				CODE_SIGN_ENTITLEMENTS = MediaBackupUploader/MediaBackupUploader.entitlements;
				CODE_SIGN_STYLE = Automatic;
				CURRENT_PROJECT_VERSION = 1;
				DEVELOPMENT_TEAM = 6V798W6LMZ;
				GENERATE_INFOPLIST_FILE = YES;
				INFOPLIST_FILE = MediaBackupUploader/Info.plist;
				INFOPLIST_KEY_CFBundleDisplayName = "Media Backup Uploader";
				IPHONEOS_DEPLOYMENT_TARGET = 27.0;
				LD_RUNPATH_SEARCH_PATHS = (
					"$(inherited)",
					"@executable_path/Frameworks",
					"@executable_path/../../Frameworks",
				);
				MARKETING_VERSION = 1.0;
				PRODUCT_BUNDLE_IDENTIFIER = io.github.priestc.MediaBackup.Uploader;
				PRODUCT_NAME = "$(TARGET_NAME)";
				SKIP_INSTALL = YES;
				SWIFT_APPROACHABLE_CONCURRENCY = YES;
				SWIFT_EMIT_LOC_STRINGS = YES;
				SWIFT_VERSION = 5.0;
				TARGETED_DEVICE_FAMILY = "1,2";
			};
			name = Debug;
		};
		CC01DD0E2F70000000C0FFEE /* Release */ = {
			isa = XCBuildConfiguration;
			buildSettings = {
				CODE_SIGN_ENTITLEMENTS = MediaBackupUploader/MediaBackupUploader.entitlements;
				CODE_SIGN_STYLE = Automatic;
				CURRENT_PROJECT_VERSION = 1;
				DEVELOPMENT_TEAM = 6V798W6LMZ;
				GENERATE_INFOPLIST_FILE = YES;
				INFOPLIST_FILE = MediaBackupUploader/Info.plist;
				INFOPLIST_KEY_CFBundleDisplayName = "Media Backup Uploader";
				IPHONEOS_DEPLOYMENT_TARGET = 27.0;
				LD_RUNPATH_SEARCH_PATHS = (
					"$(inherited)",
					"@executable_path/Frameworks",
					"@executable_path/../../Frameworks",
				);
				MARKETING_VERSION = 1.0;
				PRODUCT_BUNDLE_IDENTIFIER = io.github.priestc.MediaBackup.Uploader;
				PRODUCT_NAME = "$(TARGET_NAME)";
				SKIP_INSTALL = YES;
				SWIFT_APPROACHABLE_CONCURRENCY = YES;
				SWIFT_EMIT_LOC_STRINGS = YES;
				SWIFT_VERSION = 5.0;
				TARGETED_DEVICE_FAMILY = "1,2";
			};
			name = Release;
		};
/* End XCBuildConfiguration section */

/* Begin XCConfigurationList section */
		9325ACAC2F69AE0E0011B5E4 /* Build configuration list for PBXProject "MediaBackup" */ = {
			isa = XCConfigurationList;
			buildConfigurations = (
				9325ACBA2F69AE0F0011B5E4 /* Debug */,
				9325ACBB2F69AE0F0011B5E4 /* Release */,
			);
			defaultConfigurationIsVisible = 0;
			defaultConfigurationName = Release;
		};
		9325ACBC2F69AE0F0011B5E4 /* Build configuration list for PBXNativeTarget "MediaBackup" */ = {
			isa = XCConfigurationList;
			buildConfigurations = (
				9325ACBD2F69AE0F0011B5E4 /* Debug */,
				9325ACBE2F69AE0F0011B5E4 /* Release */,
			);
			defaultConfigurationIsVisible = 0;
			defaultConfigurationName = Release;
		};
		CC01DD0C2F70000000C0FFEE /* Build configuration list for PBXNativeTarget "MediaBackupUploader" */ = {
			isa = XCConfigurationList;
			buildConfigurations = (
				CC01DD0D2F70000000C0FFEE /* Debug */,
				CC01DD0E2F70000000C0FFEE /* Release */,
			);
			defaultConfigurationIsVisible = 0;
			defaultConfigurationName = Release;
		};
/* End XCConfigurationList section */

/* Begin XCRemoteSwiftPackageReference section */
		AA03BB002F69AE0E0011B5E4 /* XCRemoteSwiftPackageReference "Citadel" */ = {
			isa = XCRemoteSwiftPackageReference;
			repositoryURL = "https://github.com/orlandos-nl/Citadel";
			requirement = {
				kind = upToNextMajorVersion;
				minimumVersion = 0.8.0;
			};
		};
		AA03BB012F69AE0E0011B5E4 /* XCRemoteSwiftPackageReference "swift-nio" */ = {
			isa = XCRemoteSwiftPackageReference;
			repositoryURL = "https://github.com/apple/swift-nio";
			requirement = {
				kind = upToNextMajorVersion;
				minimumVersion = 2.65.0;
			};
		};
/* End XCRemoteSwiftPackageReference section */

/* Begin XCSwiftPackageProductDependency section */
		AA02BB002F69AE0E0011B5E4 /* Citadel */ = {
			isa = XCSwiftPackageProductDependency;
			package = AA03BB002F69AE0E0011B5E4 /* XCRemoteSwiftPackageReference "Citadel" */;
			productName = Citadel;
		};
		AA02BB012F69AE0E0011B5E4 /* NIOCore */ = {
			isa = XCSwiftPackageProductDependency;
			package = AA03BB012F69AE0E0011B5E4 /* XCRemoteSwiftPackageReference "swift-nio" */;
			productName = NIOCore;
		};
/* End XCSwiftPackageProductDependency section */

	};
	rootObject = 9325ACA92F69AE0E0011B5E4 /* Project object */;
}
